# This file is autogenerated, do not edit; changes may be undone by the next 'dep ensure'.


[[projects]]
  name = "github.com/shirou/gopsutil"
  packages = ["."]
  revision = "c432be29ccce470088d07eea25b3ea7e68a8afbb"
  version = "v2.18.01"

[solve-meta]
  analyzer-name = "dep"
  analyzer-version = 1
  inputs-digest = "68be8ce24ac3fe18787cbe6155bac53fb7c045fd8210af86f5b371c70f511175"
  solver-name = "gps-cdcl"
  solver-version = 1
